<?xml version="1.0" encoding="utf-8"?>
<Project ToolsVersion="4.0" xmlns="http://schemas.microsoft.com/developer/msbuild/2003">
  <ItemGroup>
    <Filter Include="Source Files">
      <UniqueIdentifier>{4FC737F1-C7A5-4376-A066-2A32D752A2FF}</UniqueIdentifier>
      <Extensions>cpp;c;cc;cxx;def;odl;idl;hpj;bat;asm;asmx</Extensions>
    </Filter>
    <Filter Include="Header Files">
      <UniqueIdentifier>{93995380-89BD-4b04-88EB-625FBE52EBFB}</UniqueIdentifier>
      <Extensions>h;hh;hpp;hxx;hm;inl;inc;xsd</Extensions>
    </Filter>
    <Filter Include="Resource Files">
      <UniqueIdentifier>{67DA6AB6-F800-4c08-8B7A-83BB121AAD01}</UniqueIdentifier>
      <Extensions>rc;ico;cur;bmp;dlg;rc2;rct;bin;rgs;gif;jpg;jpeg;jpe;resx;tiff;tif;png;wav</Extensions>
    </Filter>
    <Filter Include="Source Files\Characters">
      <UniqueIdentifier>{3178199d-dc1d-4ec9-8cdc-7e691ef95290}</UniqueIdentifier>
    </Filter>
    <Filter Include="Source Files\Races">
      <UniqueIdentifier>{03799771-07cb-4277-8deb-c3b6489706fd}</UniqueIdentifier>
    </Filter>
    <Filter Include="Source Files\Classes">
      <UniqueIdentifier>{f7c25343-b5fa-49e7-b238-a1edc1310da7}</UniqueIdentifier>
    </Filter>
    <Filter Include="Header Files\Characters">
      <UniqueIdentifier>{8fc2782b-b75e-4a4a-8dd4-8cd81a597be7}</UniqueIdentifier>
    </Filter>
    <Filter Include="Header Files\Classes">
      <UniqueIdentifier>{6513c56a-d075-42ef-a9d4-eb1507d15d67}</UniqueIdentifier>
    </Filter>
    <Filter Include="Header Files\Races">
      <UniqueIdentifier>{1a202531-31f8-44c3-96cd-264a5b4c864a}</UniqueIdentifier>
    </Filter>
    <Filter Include="Header Files\Items">
      <UniqueIdentifier>{ca2fd784-7c68-463b-8ca0-393b07a6836d}</UniqueIdentifier>
    </Filter>
    <Filter Include="Source Files\Items">
      <UniqueIdentifier>{4d5f0ce4-4048-4af1-9162-8ee56cda262a}</UniqueIdentifier>
    </Filter>
  </ItemGroup>
  <ItemGroup>
    <ClCompile Include="main.cpp">
      <Filter>Source Files</Filter>
    </ClCompile>
    <ClCompile Include="Personnage.cpp">
      <Filter>Source Files\Characters</Filter>
    </ClCompile>
    <ClCompile Include="Humain.cpp">
      <Filter>Source Files\Races</Filter>
    </ClCompile>
    <ClCompile Include="Orc.cpp">
      <Filter>Source Files\Races</Filter>
    </ClCompile>
    <ClCompile Include="Magicien.cpp">
      <Filter>Source Files\Classes</Filter>
    </ClCompile>
    <ClCompile Include="Arme.cpp">
      <Filter>Source Files\Items</Filter>
    </ClCompile>
    <ClCompile Include="Guerrier.cpp">
      <Filter>Source Files\Classes</Filter>
    </ClCompile>
    <ClCompile Include="Voleur.cpp">
      <Filter>Source Files\Classes</Filter>
    </ClCompile>
  </ItemGroup>
  <ItemGroup>
    <ClInclude Include="Personnage.h">
      <Filter>Header Files\Characters</Filter>
    </ClInclude>
    <ClInclude Include="Guerrier.h">
      <Filter>Header Files\Classes</Filter>
    </ClInclude>
    <ClInclude Include="Magicien.h">
      <Filter>Header Files\Classes</Filter>
    </ClInclude>
    <ClInclude Include="Humain.h">
      <Filter>Header Files\Races</Filter>
    </ClInclude>
    <ClInclude Include="Orc.h">
      <Filter>Header Files\Races</Filter>
    </ClInclude>
    <ClInclude Include="Arme.h">
      <Filter>Header Files\Items</Filter>
    </ClInclude>
    <ClInclude Include="Voleur.h">
      <Filter>Header Files\Classes</Filter>
    </ClInclude>
  </ItemGroup>
</Project>